// !$*UTF8*$!
{
	archiveVersion = 1;
	classes = {
	};
	objectVersion = 46;
	objects = {

/* Begin PBXBuildFile section */
		14E0B0371418DFC800DA2843 /* Extension.m in Sources */ = {isa = PBXBuildFile; fileRef = 14E0B0351418DFC800DA2843 /* Extension.m */; };
		AACBBE4A0F95108600F1A2B1 /* Foundation.framework in Frameworks */ = {isa = PBXBuildFile; fileRef = AACBBE490F95108600F1A2B1 /* Foundation.framework */; };
		E099703916B3DED200DA0537 /* HeyzapANE_Prefix.pch in Headers */ = {isa = PBXBuildFile; fileRef = E099703816B3DED200DA0537 /* HeyzapANE_Prefix.pch */; };
		E099703D16B3E1C700DA0537 /* AdSupport.framework in Frameworks */ = {isa = PBXBuildFile; fileRef = E099703A16B3E1C700DA0537 /* AdSupport.framework */; };
		E099703E16B3E1C700DA0537 /* CoreAudio.framework in Frameworks */ = {isa = PBXBuildFile; fileRef = E099703B16B3E1C700DA0537 /* CoreAudio.framework */; };
		E099703F16B3E1C700DA0537 /* StoreKit.framework in Frameworks */ = {isa = PBXBuildFile; fileRef = E099703C16B3E1C700DA0537 /* StoreKit.framework */; };
		E099704116B3E1DC00DA0537 /* QuartzCore.framework in Frameworks */ = {isa = PBXBuildFile; fileRef = E099704016B3E1DC00DA0537 /* QuartzCore.framework */; };
		E099704316B3E68B00DA0537 /* Heyzap.a in Frameworks */ = {isa = PBXBuildFile; fileRef = E099704216B3E68B00DA0537 /* Heyzap.a */; };
		E0BCFAD916BF8E95001D2C34 /* Heyzap.framework in Frameworks */ = {isa = PBXBuildFile; fileRef = E0BCFAD816BF8E95001D2C34 /* Heyzap.framework */; };
/* End PBXBuildFile section */

/* Begin PBXFileReference section */
		14E0B0351418DFC800DA2843 /* Extension.m */ = {isa = PBXFileReference; fileEncoding = 4; lastKnownFileType = sourcecode.c.objc; path = Extension.m; sourceTree = "<group>"; };
		AACBBE490F95108600F1A2B1 /* Foundation.framework */ = {isa = PBXFileReference; lastKnownFileType = wrapper.framework; name = Foundation.framework; path = System/Library/Frameworks/Foundation.framework; sourceTree = SDKROOT; };
		D2AAC07E0554694100DB518D /* libHeyzapANE.a */ = {isa = PBXFileReference; explicitFileType = archive.ar; includeInIndex = 0; path = libHeyzapANE.a; sourceTree = BUILT_PRODUCTS_DIR; };
		E099703316B3DE6200DA0537 /* FlashRuntimeExtensions.h */ = {isa = PBXFileReference; fileEncoding = 4; lastKnownFileType = sourcecode.objj.h; path = FlashRuntimeExtensions.h; sourceTree = "<group>"; };
		E099703816B3DED200DA0537 /* HeyzapANE_Prefix.pch */ = {isa = PBXFileReference; fileEncoding = 4; lastKnownFileType = sourcecode.c.h; path = HeyzapANE_Prefix.pch; sourceTree = "<group>"; };
		E099703A16B3E1C700DA0537 /* AdSupport.framework */ = {isa = PBXFileReference; lastKnownFileType = wrapper.framework; name = AdSupport.framework; path = System/Library/Frameworks/AdSupport.framework; sourceTree = SDKROOT; };
		E099703B16B3E1C700DA0537 /* CoreAudio.framework */ = {isa = PBXFileReference; lastKnownFileType = wrapper.framework; name = CoreAudio.framework; path = System/Library/Frameworks/CoreAudio.framework; sourceTree = SDKROOT; };
		E099703C16B3E1C700DA0537 /* StoreKit.framework */ = {isa = PBXFileReference; lastKnownFileType = wrapper.framework; name = StoreKit.framework; path = System/Library/Frameworks/StoreKit.framework; sourceTree = SDKROOT; };
		E099704016B3E1DC00DA0537 /* QuartzCore.framework */ = {isa = PBXFileReference; lastKnownFileType = wrapper.framework; name = QuartzCore.framework; path = System/Library/Frameworks/QuartzCore.framework; sourceTree = SDKROOT; };
		E099704216B3E68B00DA0537 /* Heyzap.a */ = {isa = PBXFileReference; lastKnownFileType = archive.ar; name = Heyzap.a; path = lib/Heyzap.a; sourceTree = "<group>"; };
		E0BCFAD716BF8E3C001D2C34 /* Heyzap.bundle */ = {isa = PBXFileReference; lastKnownFileType = "wrapper.plug-in"; name = Heyzap.bundle; path = lib/Heyzap.bundle; sourceTree = "<group>"; };
		E0BCFAD816BF8E95001D2C34 /* Heyzap.framework */ = {isa = PBXFileReference; lastKnownFileType = wrapper.framework; name = Heyzap.framework; path = lib/Heyzap.framework; sourceTree = "<group>"; };
/* End PBXFileReference section */

/* Begin PBXFrameworksBuildPhase section */
		D2AAC07C0554694100DB518D /* Frameworks */ = {
			isa = PBXFrameworksBuildPhase;
			buildActionMask = 2147483647;
			files = (
				E099704116B3E1DC00DA0537 /* QuartzCore.framework in Frameworks */,
				E099703D16B3E1C700DA0537 /* AdSupport.framework in Frameworks */,
				E099703E16B3E1C700DA0537 /* CoreAudio.framework in Frameworks */,
				E099703F16B3E1C700DA0537 /* StoreKit.framework in Frameworks */,
				AACBBE4A0F95108600F1A2B1 /* Foundation.framework in Frameworks */,
				E099704316B3E68B00DA0537 /* Heyzap.a in Frameworks */,
				E0BCFAD916BF8E95001D2C34 /* Heyzap.framework in Frameworks */,
			);
			runOnlyForDeploymentPostprocessing = 0;
		};
/* End PBXFrameworksBuildPhase section */

/* Begin PBXGroup section */
		034768DFFF38A50411DB9C8B /* Products */ = {
			isa = PBXGroup;
			children = (
				D2AAC07E0554694100DB518D /* libHeyzapANE.a */,
			);
			name = Products;
			sourceTree = "<group>";
		};
		0867D691FE84028FC02AAC07 /* Extension */ = {
			isa = PBXGroup;
			children = (
				08FB77AEFE84172EC02AAC07 /* Classes */,
				32C88DFF0371C24200C91783 /* Other Sources */,
				0867D69AFE84028FC02AAC07 /* Frameworks */,
				034768DFFF38A50411DB9C8B /* Products */,
			);
			name = Extension;
			sourceTree = "<group>";
		};
		0867D69AFE84028FC02AAC07 /* Frameworks */ = {
			isa = PBXGroup;
			children = (
				E099704216B3E68B00DA0537 /* Heyzap.a */,
				E0BCFAD816BF8E95001D2C34 /* Heyzap.framework */,
				E099704016B3E1DC00DA0537 /* QuartzCore.framework */,
				E099703A16B3E1C700DA0537 /* AdSupport.framework */,
				E099703B16B3E1C700DA0537 /* CoreAudio.framework */,
				E099703C16B3E1C700DA0537 /* StoreKit.framework */,
				AACBBE490F95108600F1A2B1 /* Foundation.framework */,
			);
			name = Frameworks;
			sourceTree = "<group>";
		};
		08FB77AEFE84172EC02AAC07 /* Classes */ = {
			isa = PBXGroup;
			children = (
				E099703316B3DE6200DA0537 /* FlashRuntimeExtensions.h */,
				14E0B0351418DFC800DA2843 /* Extension.m */,
			);
			name = Classes;
			sourceTree = "<group>";
		};
		32C88DFF0371C24200C91783 /* Other Sources */ = {
			isa = PBXGroup;
			children = (
				E0BCFAD716BF8E3C001D2C34 /* Heyzap.bundle */,
				E099703816B3DED200DA0537 /* HeyzapANE_Prefix.pch */,
			);
			name = "Other Sources";
			sourceTree = "<group>";
		};
/* End PBXGroup section */

/* Begin PBXHeadersBuildPhase section */
		D2AAC07A0554694100DB518D /* Headers */ = {
			isa = PBXHeadersBuildPhase;
			buildActionMask = 2147483647;
			files = (
				E099703916B3DED200DA0537 /* HeyzapANE_Prefix.pch in Headers */,
			);
			runOnlyForDeploymentPostprocessing = 0;
		};
/* End PBXHeadersBuildPhase section */

/* Begin PBXNativeTarget section */
		D2AAC07D0554694100DB518D /* HeyzapANE */ = {
			isa = PBXNativeTarget;
			buildConfigurationList = 1DEB921E08733DC00010E9CD /* Build configuration list for PBXNativeTarget "HeyzapANE" */;
			buildPhases = (
				D2AAC07A0554694100DB518D /* Headers */,
				D2AAC07B0554694100DB518D /* Sources */,
				D2AAC07C0554694100DB518D /* Frameworks */,
			);
			buildRules = (
			);
			dependencies = (
			);
			name = HeyzapANE;
			productName = Extension;
			productReference = D2AAC07E0554694100DB518D /* libHeyzapANE.a */;
			productType = "com.apple.product-type.library.static";
		};
/* End PBXNativeTarget section */

/* Begin PBXProject section */
		0867D690FE84028FC02AAC07 /* Project object */ = {
			isa = PBXProject;
			attributes = {
				LastUpgradeCheck = 0420;
			};
			buildConfigurationList = 1DEB922208733DC00010E9CD /* Build configuration list for PBXProject "HeyzapANE" */;
			compatibilityVersion = "Xcode 3.2";
			developmentRegion = English;
			hasScannedForEncodings = 1;
			knownRegions = (
				English,
				Japanese,
				French,
				German,
			);
			mainGroup = 0867D691FE84028FC02AAC07 /* Extension */;
			productRefGroup = 034768DFFF38A50411DB9C8B /* Products */;
			projectDirPath = "";
			projectRoot = "";
			targets = (
				D2AAC07D0554694100DB518D /* HeyzapANE */,
			);
		};
/* End PBXProject section */

/* Begin PBXSourcesBuildPhase section */
		D2AAC07B0554694100DB518D /* Sources */ = {
			isa = PBXSourcesBuildPhase;
			buildActionMask = 2147483647;
			files = (
				14E0B0371418DFC800DA2843 /* Extension.m in Sources */,
			);
			runOnlyForDeploymentPostprocessing = 0;
		};
/* End PBXSourcesBuildPhase section */

/* Begin XCBuildConfiguration section */
		1DEB921F08733DC00010E9CD /* Debug */ = {
			isa = XCBuildConfiguration;
			buildSettings = {
				ARCHS = "$(ARCHS_STANDARD_32_BIT)";
				COPY_PHASE_STRIP = NO;
				DSTROOT = /tmp/Extension.dst;
				FRAMEWORK_SEARCH_PATHS = (
					"$(inherited)",
					"\"$(SRCROOT)\"",
					"\"$(SRCROOT)/../lib\"",
					"\"$(SRCROOT)/../lib/heyzap-sdk-3.4.17/ios-sdk\"",
					"\"$(SRCROOT)/lib\"",
				);
				GCC_DYNAMIC_NO_PIC = NO;
				GCC_LINK_WITH_DYNAMIC_LIBRARIES = NO;
				GCC_OPTIMIZATION_LEVEL = 0;
				GCC_PRECOMPILE_PREFIX_HEADER = YES;
				GCC_PREFIX_HEADER = HeyzapANE_Prefix.pch;
				INSTALL_PATH = /usr/local/lib;
				LIBRARY_SEARCH_PATHS = (
					"$(inherited)",
					"\"$(SRCROOT)/lib\"",
				);
				PRODUCT_NAME = HeyzapANE;
			};
			name = Debug;
		};
		1DEB922008733DC00010E9CD /* Release */ = {
			isa = XCBuildConfiguration;
			buildSettings = {
				ARCHS = "$(ARCHS_STANDARD_32_BIT)";
				DSTROOT = /tmp/Extension.dst;
				FRAMEWORK_SEARCH_PATHS = (
					"$(inherited)",
					"\"$(SRCROOT)\"",
					"\"$(SRCROOT)/../lib\"",
					"\"$(SRCROOT)/../lib/heyzap-sdk-3.4.17/ios-sdk\"",
					"\"$(SRCROOT)/lib\"",
				);
				GCC_LINK_WITH_DYNAMIC_LIBRARIES = NO;
				GCC_PRECOMPILE_PREFIX_HEADER = YES;
				GCC_PREFIX_HEADER = HeyzapANE_Prefix.pch;
				INSTALL_PATH = /usr/local/lib;
				LIBRARY_SEARCH_PATHS = (
					"$(inherited)",
					"\"$(SRCROOT)/lib\"",
				);
				PRODUCT_NAME = HeyzapANE;
			};
			name = Release;
		};
		1DEB922308733DC00010E9CD /* Debug */ = {
			isa = XCBuildConfiguration;
			buildSettings = {
				ARCHS = (
					armv6,
					armv7,
				);
				GCC_C_LANGUAGE_STANDARD = c99;
				GCC_OPTIMIZATION_LEVEL = 0;
				GCC_WARN_ABOUT_RETURN_TYPE = YES;
				GCC_WARN_UNUSED_VARIABLE = YES;
				HEADER_SEARCH_PATHS = /Applications/AdobeAirSDK/include;
				IPHONEOS_DEPLOYMENT_TARGET = 4.0;
				OTHER_LDFLAGS = "-ObjC";
				SDKROOT = iphoneos;
			};
			name = Debug;
		};
		1DEB922408733DC00010E9CD /* Release */ = {
			isa = XCBuildConfiguration;
			buildSettings = {
				ARCHS = (
					armv6,
					armv7,
				);
				GCC_C_LANGUAGE_STANDARD = c99;
				GCC_WARN_ABOUT_RETURN_TYPE = YES;
				GCC_WARN_UNUSED_VARIABLE = YES;
				HEADER_SEARCH_PATHS = /Applications/AdobeAirSDK/include;
				IPHONEOS_DEPLOYMENT_TARGET = 4.0;
				OTHER_LDFLAGS = "-ObjC";
				SDKROOT = iphoneos;
			};
			name = Release;
		};
/* End XCBuildConfiguration section */

/* Begin XCConfigurationList section */
		1DEB921E08733DC00010E9CD /* Build configuration list for PBXNativeTarget "HeyzapANE" */ = {
			isa = XCConfigurationList;
			buildConfigurations = (
				1DEB921F08733DC00010E9CD /* Debug */,
				1DEB922008733DC00010E9CD /* Release */,
			);
			defaultConfigurationIsVisible = 0;
			defaultConfigurationName = Release;
		};
		1DEB922208733DC00010E9CD /* Build configuration list for PBXProject "HeyzapANE" */ = {
			isa = XCConfigurationList;
			buildConfigurations = (
				1DEB922308733DC00010E9CD /* Debug */,
				1DEB922408733DC00010E9CD /* Release */,
			);
			defaultConfigurationIsVisible = 0;
			defaultConfigurationName = Release;
		};
/* End XCConfigurationList section */
	};
	rootObject = 0867D690FE84028FC02AAC07 /* Project object */;
}
